
Microsoft Visual Studio Solution File, Format Version 12.00
# Visual Studio 15
VisualStudioVersion = 15.0.28010.2048
MinimumVisualStudioVersion = 10.0.40219.1
Project("{9A19103F-16F7-4668-BE54-9A1E7A4F7556}") = "StringMatchingInterpreter", "StringMatchingInterpreter\StringMatchingInterpreter.csproj", "{B15A59AE-C1A9-4CB9-A92F-8326153549B7}"
EndProject
Project("{9A19103F-16F7-4668-BE54-9A1E7A4F7556}") = "Lexer", "Lexer\Lexer.csproj", "{7D7A4F35-A704-467A-93A2-6B84B0E3E91C}"
EndProject
Project("{9A19103F-16F7-4668-BE54-9A1E7A4F7556}") = "SyntaxAnalysis", "Parser\SyntaxAnalysis.csproj", "{103FF2E4-6303-42AE-8302-772F1F16EE9F}"
EndProject
Global
	GlobalSection(SolutionConfigurationPlatforms) = preSolution
		Debug|Any CPU = Debug|Any CPU
		Release|Any CPU = Release|Any CPU
	EndGlobalSection
	GlobalSection(ProjectConfigurationPlatforms) = postSolution
		{B15A59AE-C1A9-4CB9-A92F-8326153549B7}.Debug|Any CPU.ActiveCfg = Debug|Any CPU
		{B15A59AE-C1A9-4CB9-A92F-8326153549B7}.Debug|Any CPU.Build.0 = Debug|Any CPU
		{B15A59AE-C1A9-4CB9-A92F-8326153549B7}.Release|Any CPU.ActiveCfg = Release|Any CPU
		{B15A59AE-C1A9-4CB9-A92F-8326153549B7}.Release|Any CPU.Build.0 = Release|Any CPU
		{7D7A4F35-A704-467A-93A2-6B84B0E3E91C}.Debug|Any CPU.ActiveCfg = Debug|Any CPU
		{7D7A4F35-A704-467A-93A2-6B84B0E3E91C}.Debug|Any CPU.Build.0 = Debug|Any CPU
		{7D7A4F35-A704-467A-93A2-6B84B0E3E91C}.Release|Any CPU.ActiveCfg = Release|Any CPU
		{7D7A4F35-A704-467A-93A2-6B84B0E3E91C}.Release|Any CPU.Build.0 = Release|Any CPU
		{103FF2E4-6303-42AE-8302-772F1F16EE9F}.Debug|Any CPU.ActiveCfg = Debug|Any CPU
		{103FF2E4-6303-42AE-8302-772F1F16EE9F}.Debug|Any CPU.Build.0 = Debug|Any CPU
		{103FF2E4-6303-42AE-8302-772F1F16EE9F}.Release|Any CPU.ActiveCfg = Release|Any CPU
		{103FF2E4-6303-42AE-8302-772F1F16EE9F}.Release|Any CPU.Build.0 = Release|Any CPU
	EndGlobalSection
	GlobalSection(SolutionProperties) = preSolution
		HideSolutionNode = FALSE
	EndGlobalSection
	GlobalSection(ExtensibilityGlobals) = postSolution
		SolutionGuid = {E095F657-960F-414C-A991-0FDCB5B29A2E}
	EndGlobalSection
EndGlobal
